
Microsoft Visual Studio Solution File, Format Version 12.00
# Visual Studio 15
VisualStudioVersion = 15.0.27130.0
MinimumVisualStudioVersion = 10.0.40219.1
Project("{2150E333-8FDC-42A3-9474-1A3956D46DE8}") = "Solution Items", "Solution Items", "{EC8E8756-C78C-43BF-B6C1-B955869B98C5}"
	ProjectSection(SolutionItems) = preProject
		Performance1.psess = Performance1.psess
	EndProjectSection
EndProject
Project("{FAE04EC0-301F-11D3-BF4B-00C04F79EFBC}") = "JustOneProject.WindowsForms", "JustOneProject.WindowsForms\JustOneProject.WindowsForms.csproj", "{1C5EBE89-CDD9-44D3-9E5D-3FF2CD21116E}"
EndProject
Project("{9A19103F-16F7-4668-BE54-9A1E7A4F7556}") = "MasterCoder", "JustOneProject.MasterCoder\MasterCoder\MasterCoder.csproj", "{5F296271-EF25-4F59-96C7-B5DDA19A8421}"
EndProject
Project("{FAE04EC0-301F-11D3-BF4B-00C04F79EFBC}") = "SpecFlowExample", "SpecFlowExample\SpecFlowExample.csproj", "{1789A109-1FAB-4F9E-A47F-6F6C98204BF9}"
EndProject
Project("{9A19103F-16F7-4668-BE54-9A1E7A4F7556}") = "RoslynExample", "RoslynExample\RoslynExample.csproj", "{62618B48-1262-46DA-9DB7-D7E5F78904B2}"
EndProject
Project("{FAE04EC0-301F-11D3-BF4B-00C04F79EFBC}") = "JustOneProject", "JustOneProject\JustOneProject.csproj", "{287E1DF8-CE39-40A6-89B7-4AA1B28CFEF9}"
EndProject
Project("{2150E333-8FDC-42A3-9474-1A3956D46DE8}") = "Infrastructure", "Infrastructure", "{FC2DF830-F2D5-4D3E-AFDD-C14567E4B504}"
EndProject
Project("{FAE04EC0-301F-11D3-BF4B-00C04F79EFBC}") = "Contracts(Guards)", "Guards\Contracts(Guards).csproj", "{93E5128E-F219-40D9-98AB-C62382F46902}"
EndProject
Project("{FAE04EC0-301F-11D3-BF4B-00C04F79EFBC}") = "Persistance", "Persistance\Persistance.csproj", "{12960016-F484-417B-875B-B66F1CEA3C0B}"
EndProject
Project("{FAE04EC0-301F-11D3-BF4B-00C04F79EFBC}") = "Web", "Web\Web.csproj", "{FB53EDF1-ACF3-46C6-85DD-5F344CBCE4D6}"
EndProject
Project("{FAE04EC0-301F-11D3-BF4B-00C04F79EFBC}") = "Reflection", "Reflection\Reflection.csproj", "{CF52BB79-A7FD-4F99-99EB-0574D11B2FF5}"
EndProject
Project("{FAE04EC0-301F-11D3-BF4B-00C04F79EFBC}") = "Validation", "Validation\Validation.csproj", "{47D73A43-98AA-40E9-9048-0E399B6E68AF}"
EndProject
Project("{FAE04EC0-301F-11D3-BF4B-00C04F79EFBC}") = "Testing", "Testing\Testing.csproj", "{7E525D7A-141F-473B-82A3-72D0C9E64353}"
EndProject
Project("{FAE04EC0-301F-11D3-BF4B-00C04F79EFBC}") = "Persistence.Oracle", "Persistence.Oracle\Persistence.Oracle.csproj", "{AC64DE30-E8E5-4A16-9997-68DE0B05204D}"
EndProject
Project("{FAE04EC0-301F-11D3-BF4B-00C04F79EFBC}") = "Logging", "Logging\Logging.csproj", "{3BBF86EF-988E-4A38-ABA8-A0CBE4175254}"
EndProject
Global
	GlobalSection(SolutionConfigurationPlatforms) = preSolution
		Debug|Any CPU = Debug|Any CPU
		Debug|x64 = Debug|x64
		Debug|x86 = Debug|x86
		Release|Any CPU = Release|Any CPU
		Release|x64 = Release|x64
		Release|x86 = Release|x86
	EndGlobalSection
	GlobalSection(ProjectConfigurationPlatforms) = postSolution
		{1C5EBE89-CDD9-44D3-9E5D-3FF2CD21116E}.Debug|Any CPU.ActiveCfg = Debug|Any CPU
		{1C5EBE89-CDD9-44D3-9E5D-3FF2CD21116E}.Debug|Any CPU.Build.0 = Debug|Any CPU
		{1C5EBE89-CDD9-44D3-9E5D-3FF2CD21116E}.Debug|x64.ActiveCfg = Debug|Any CPU
		{1C5EBE89-CDD9-44D3-9E5D-3FF2CD21116E}.Debug|x64.Build.0 = Debug|Any CPU
		{1C5EBE89-CDD9-44D3-9E5D-3FF2CD21116E}.Debug|x86.ActiveCfg = Debug|Any CPU
		{1C5EBE89-CDD9-44D3-9E5D-3FF2CD21116E}.Debug|x86.Build.0 = Debug|Any CPU
		{1C5EBE89-CDD9-44D3-9E5D-3FF2CD21116E}.Release|Any CPU.ActiveCfg = Release|Any CPU
		{1C5EBE89-CDD9-44D3-9E5D-3FF2CD21116E}.Release|Any CPU.Build.0 = Release|Any CPU
		{1C5EBE89-CDD9-44D3-9E5D-3FF2CD21116E}.Release|x64.ActiveCfg = Release|Any CPU
		{1C5EBE89-CDD9-44D3-9E5D-3FF2CD21116E}.Release|x64.Build.0 = Release|Any CPU
		{1C5EBE89-CDD9-44D3-9E5D-3FF2CD21116E}.Release|x86.ActiveCfg = Release|Any CPU
		{1C5EBE89-CDD9-44D3-9E5D-3FF2CD21116E}.Release|x86.Build.0 = Release|Any CPU
		{5F296271-EF25-4F59-96C7-B5DDA19A8421}.Debug|Any CPU.ActiveCfg = Debug|Any CPU
		{5F296271-EF25-4F59-96C7-B5DDA19A8421}.Debug|Any CPU.Build.0 = Debug|Any CPU
		{5F296271-EF25-4F59-96C7-B5DDA19A8421}.Debug|x64.ActiveCfg = Debug|Any CPU
		{5F296271-EF25-4F59-96C7-B5DDA19A8421}.Debug|x64.Build.0 = Debug|Any CPU
		{5F296271-EF25-4F59-96C7-B5DDA19A8421}.Debug|x86.ActiveCfg = Debug|Any CPU
		{5F296271-EF25-4F59-96C7-B5DDA19A8421}.Debug|x86.Build.0 = Debug|Any CPU
		{5F296271-EF25-4F59-96C7-B5DDA19A8421}.Release|Any CPU.ActiveCfg = Release|Any CPU
		{5F296271-EF25-4F59-96C7-B5DDA19A8421}.Release|Any CPU.Build.0 = Release|Any CPU
		{5F296271-EF25-4F59-96C7-B5DDA19A8421}.Release|x64.ActiveCfg = Release|Any CPU
		{5F296271-EF25-4F59-96C7-B5DDA19A8421}.Release|x64.Build.0 = Release|Any CPU
		{5F296271-EF25-4F59-96C7-B5DDA19A8421}.Release|x86.ActiveCfg = Release|Any CPU
		{5F296271-EF25-4F59-96C7-B5DDA19A8421}.Release|x86.Build.0 = Release|Any CPU
		{1789A109-1FAB-4F9E-A47F-6F6C98204BF9}.Debug|Any CPU.ActiveCfg = Debug|Any CPU
		{1789A109-1FAB-4F9E-A47F-6F6C98204BF9}.Debug|Any CPU.Build.0 = Debug|Any CPU
		{1789A109-1FAB-4F9E-A47F-6F6C98204BF9}.Debug|x64.ActiveCfg = Debug|Any CPU
		{1789A109-1FAB-4F9E-A47F-6F6C98204BF9}.Debug|x64.Build.0 = Debug|Any CPU
		{1789A109-1FAB-4F9E-A47F-6F6C98204BF9}.Debug|x86.ActiveCfg = Debug|Any CPU
		{1789A109-1FAB-4F9E-A47F-6F6C98204BF9}.Debug|x86.Build.0 = Debug|Any CPU
		{1789A109-1FAB-4F9E-A47F-6F6C98204BF9}.Release|Any CPU.ActiveCfg = Release|Any CPU
		{1789A109-1FAB-4F9E-A47F-6F6C98204BF9}.Release|Any CPU.Build.0 = Release|Any CPU
		{1789A109-1FAB-4F9E-A47F-6F6C98204BF9}.Release|x64.ActiveCfg = Release|Any CPU
		{1789A109-1FAB-4F9E-A47F-6F6C98204BF9}.Release|x64.Build.0 = Release|Any CPU
		{1789A109-1FAB-4F9E-A47F-6F6C98204BF9}.Release|x86.ActiveCfg = Release|Any CPU
		{1789A109-1FAB-4F9E-A47F-6F6C98204BF9}.Release|x86.Build.0 = Release|Any CPU
		{62618B48-1262-46DA-9DB7-D7E5F78904B2}.Debug|Any CPU.ActiveCfg = Debug|Any CPU
		{62618B48-1262-46DA-9DB7-D7E5F78904B2}.Debug|Any CPU.Build.0 = Debug|Any CPU
		{62618B48-1262-46DA-9DB7-D7E5F78904B2}.Debug|x64.ActiveCfg = Debug|Any CPU
		{62618B48-1262-46DA-9DB7-D7E5F78904B2}.Debug|x64.Build.0 = Debug|Any CPU
		{62618B48-1262-46DA-9DB7-D7E5F78904B2}.Debug|x86.ActiveCfg = Debug|Any CPU
		{62618B48-1262-46DA-9DB7-D7E5F78904B2}.Debug|x86.Build.0 = Debug|Any CPU
		{62618B48-1262-46DA-9DB7-D7E5F78904B2}.Release|Any CPU.ActiveCfg = Release|Any CPU
		{62618B48-1262-46DA-9DB7-D7E5F78904B2}.Release|Any CPU.Build.0 = Release|Any CPU
		{62618B48-1262-46DA-9DB7-D7E5F78904B2}.Release|x64.ActiveCfg = Release|Any CPU
		{62618B48-1262-46DA-9DB7-D7E5F78904B2}.Release|x64.Build.0 = Release|Any CPU
		{62618B48-1262-46DA-9DB7-D7E5F78904B2}.Release|x86.ActiveCfg = Release|Any CPU
		{62618B48-1262-46DA-9DB7-D7E5F78904B2}.Release|x86.Build.0 = Release|Any CPU
		{287E1DF8-CE39-40A6-89B7-4AA1B28CFEF9}.Debug|Any CPU.ActiveCfg = Debug|Any CPU
		{287E1DF8-CE39-40A6-89B7-4AA1B28CFEF9}.Debug|Any CPU.Build.0 = Debug|Any CPU
		{287E1DF8-CE39-40A6-89B7-4AA1B28CFEF9}.Debug|x64.ActiveCfg = Debug|x64
		{287E1DF8-CE39-40A6-89B7-4AA1B28CFEF9}.Debug|x64.Build.0 = Debug|x64
		{287E1DF8-CE39-40A6-89B7-4AA1B28CFEF9}.Debug|x86.ActiveCfg = Debug|x86
		{287E1DF8-CE39-40A6-89B7-4AA1B28CFEF9}.Debug|x86.Build.0 = Debug|x86
		{287E1DF8-CE39-40A6-89B7-4AA1B28CFEF9}.Release|Any CPU.ActiveCfg = Release|Any CPU
		{287E1DF8-CE39-40A6-89B7-4AA1B28CFEF9}.Release|Any CPU.Build.0 = Release|Any CPU
		{287E1DF8-CE39-40A6-89B7-4AA1B28CFEF9}.Release|x64.ActiveCfg = Release|x64
		{287E1DF8-CE39-40A6-89B7-4AA1B28CFEF9}.Release|x64.Build.0 = Release|x64
		{287E1DF8-CE39-40A6-89B7-4AA1B28CFEF9}.Release|x86.ActiveCfg = Release|x86
		{287E1DF8-CE39-40A6-89B7-4AA1B28CFEF9}.Release|x86.Build.0 = Release|x86
		{93E5128E-F219-40D9-98AB-C62382F46902}.Debug|Any CPU.ActiveCfg = Debug|Any CPU
		{93E5128E-F219-40D9-98AB-C62382F46902}.Debug|Any CPU.Build.0 = Debug|Any CPU
		{93E5128E-F219-40D9-98AB-C62382F46902}.Debug|x64.ActiveCfg = Debug|Any CPU
		{93E5128E-F219-40D9-98AB-C62382F46902}.Debug|x64.Build.0 = Debug|Any CPU
		{93E5128E-F219-40D9-98AB-C62382F46902}.Debug|x86.ActiveCfg = Debug|Any CPU
		{93E5128E-F219-40D9-98AB-C62382F46902}.Debug|x86.Build.0 = Debug|Any CPU
		{93E5128E-F219-40D9-98AB-C62382F46902}.Release|Any CPU.ActiveCfg = Release|Any CPU
		{93E5128E-F219-40D9-98AB-C62382F46902}.Release|Any CPU.Build.0 = Release|Any CPU
		{93E5128E-F219-40D9-98AB-C62382F46902}.Release|x64.ActiveCfg = Release|Any CPU
		{93E5128E-F219-40D9-98AB-C62382F46902}.Release|x64.Build.0 = Release|Any CPU
		{93E5128E-F219-40D9-98AB-C62382F46902}.Release|x86.ActiveCfg = Release|Any CPU
		{93E5128E-F219-40D9-98AB-C62382F46902}.Release|x86.Build.0 = Release|Any CPU
		{12960016-F484-417B-875B-B66F1CEA3C0B}.Debug|Any CPU.ActiveCfg = Debug|Any CPU
		{12960016-F484-417B-875B-B66F1CEA3C0B}.Debug|Any CPU.Build.0 = Debug|Any CPU
		{12960016-F484-417B-875B-B66F1CEA3C0B}.Debug|x64.ActiveCfg = Debug|Any CPU
		{12960016-F484-417B-875B-B66F1CEA3C0B}.Debug|x64.Build.0 = Debug|Any CPU
		{12960016-F484-417B-875B-B66F1CEA3C0B}.Debug|x86.ActiveCfg = Debug|Any CPU
		{12960016-F484-417B-875B-B66F1CEA3C0B}.Debug|x86.Build.0 = Debug|Any CPU
		{12960016-F484-417B-875B-B66F1CEA3C0B}.Release|Any CPU.ActiveCfg = Release|Any CPU
		{12960016-F484-417B-875B-B66F1CEA3C0B}.Release|Any CPU.Build.0 = Release|Any CPU
		{12960016-F484-417B-875B-B66F1CEA3C0B}.Release|x64.ActiveCfg = Release|Any CPU
		{12960016-F484-417B-875B-B66F1CEA3C0B}.Release|x64.Build.0 = Release|Any CPU
		{12960016-F484-417B-875B-B66F1CEA3C0B}.Release|x86.ActiveCfg = Release|Any CPU
		{12960016-F484-417B-875B-B66F1CEA3C0B}.Release|x86.Build.0 = Release|Any CPU
		{FB53EDF1-ACF3-46C6-85DD-5F344CBCE4D6}.Debug|Any CPU.ActiveCfg = Debug|Any CPU
		{FB53EDF1-ACF3-46C6-85DD-5F344CBCE4D6}.Debug|Any CPU.Build.0 = Debug|Any CPU
		{FB53EDF1-ACF3-46C6-85DD-5F344CBCE4D6}.Debug|x64.ActiveCfg = Debug|Any CPU
		{FB53EDF1-ACF3-46C6-85DD-5F344CBCE4D6}.Debug|x64.Build.0 = Debug|Any CPU
		{FB53EDF1-ACF3-46C6-85DD-5F344CBCE4D6}.Debug|x86.ActiveCfg = Debug|Any CPU
		{FB53EDF1-ACF3-46C6-85DD-5F344CBCE4D6}.Debug|x86.Build.0 = Debug|Any CPU
		{FB53EDF1-ACF3-46C6-85DD-5F344CBCE4D6}.Release|Any CPU.ActiveCfg = Release|Any CPU
		{FB53EDF1-ACF3-46C6-85DD-5F344CBCE4D6}.Release|Any CPU.Build.0 = Release|Any CPU
		{FB53EDF1-ACF3-46C6-85DD-5F344CBCE4D6}.Release|x64.ActiveCfg = Release|Any CPU
		{FB53EDF1-ACF3-46C6-85DD-5F344CBCE4D6}.Release|x64.Build.0 = Release|Any CPU
		{FB53EDF1-ACF3-46C6-85DD-5F344CBCE4D6}.Release|x86.ActiveCfg = Release|Any CPU
		{FB53EDF1-ACF3-46C6-85DD-5F344CBCE4D6}.Release|x86.Build.0 = Release|Any CPU
		{CF52BB79-A7FD-4F99-99EB-0574D11B2FF5}.Debug|Any CPU.ActiveCfg = Debug|Any CPU
		{CF52BB79-A7FD-4F99-99EB-0574D11B2FF5}.Debug|Any CPU.Build.0 = Debug|Any CPU
		{CF52BB79-A7FD-4F99-99EB-0574D11B2FF5}.Debug|x64.ActiveCfg = Debug|Any CPU
		{CF52BB79-A7FD-4F99-99EB-0574D11B2FF5}.Debug|x64.Build.0 = Debug|Any CPU
		{CF52BB79-A7FD-4F99-99EB-0574D11B2FF5}.Debug|x86.ActiveCfg = Debug|Any CPU
		{CF52BB79-A7FD-4F99-99EB-0574D11B2FF5}.Debug|x86.Build.0 = Debug|Any CPU
		{CF52BB79-A7FD-4F99-99EB-0574D11B2FF5}.Release|Any CPU.ActiveCfg = Release|Any CPU
		{CF52BB79-A7FD-4F99-99EB-0574D11B2FF5}.Release|Any CPU.Build.0 = Release|Any CPU
		{CF52BB79-A7FD-4F99-99EB-0574D11B2FF5}.Release|x64.ActiveCfg = Release|Any CPU
		{CF52BB79-A7FD-4F99-99EB-0574D11B2FF5}.Release|x64.Build.0 = Release|Any CPU
		{CF52BB79-A7FD-4F99-99EB-0574D11B2FF5}.Release|x86.ActiveCfg = Release|Any CPU
		{CF52BB79-A7FD-4F99-99EB-0574D11B2FF5}.Release|x86.Build.0 = Release|Any CPU
		{47D73A43-98AA-40E9-9048-0E399B6E68AF}.Debug|Any CPU.ActiveCfg = Debug|Any CPU
		{47D73A43-98AA-40E9-9048-0E399B6E68AF}.Debug|Any CPU.Build.0 = Debug|Any CPU
		{47D73A43-98AA-40E9-9048-0E399B6E68AF}.Debug|x64.ActiveCfg = Debug|Any CPU
		{47D73A43-98AA-40E9-9048-0E399B6E68AF}.Debug|x64.Build.0 = Debug|Any CPU
		{47D73A43-98AA-40E9-9048-0E399B6E68AF}.Debug|x86.ActiveCfg = Debug|Any CPU
		{47D73A43-98AA-40E9-9048-0E399B6E68AF}.Debug|x86.Build.0 = Debug|Any CPU
		{47D73A43-98AA-40E9-9048-0E399B6E68AF}.Release|Any CPU.ActiveCfg = Release|Any CPU
		{47D73A43-98AA-40E9-9048-0E399B6E68AF}.Release|Any CPU.Build.0 = Release|Any CPU
		{47D73A43-98AA-40E9-9048-0E399B6E68AF}.Release|x64.ActiveCfg = Release|Any CPU
		{47D73A43-98AA-40E9-9048-0E399B6E68AF}.Release|x64.Build.0 = Release|Any CPU
		{47D73A43-98AA-40E9-9048-0E399B6E68AF}.Release|x86.ActiveCfg = Release|Any CPU
		{47D73A43-98AA-40E9-9048-0E399B6E68AF}.Release|x86.Build.0 = Release|Any CPU
		{7E525D7A-141F-473B-82A3-72D0C9E64353}.Debug|Any CPU.ActiveCfg = Debug|Any CPU
		{7E525D7A-141F-473B-82A3-72D0C9E64353}.Debug|Any CPU.Build.0 = Debug|Any CPU
		{7E525D7A-141F-473B-82A3-72D0C9E64353}.Debug|x64.ActiveCfg = Debug|Any CPU
		{7E525D7A-141F-473B-82A3-72D0C9E64353}.Debug|x64.Build.0 = Debug|Any CPU
		{7E525D7A-141F-473B-82A3-72D0C9E64353}.Debug|x86.ActiveCfg = Debug|Any CPU
		{7E525D7A-141F-473B-82A3-72D0C9E64353}.Debug|x86.Build.0 = Debug|Any CPU
		{7E525D7A-141F-473B-82A3-72D0C9E64353}.Release|Any CPU.ActiveCfg = Release|Any CPU
		{7E525D7A-141F-473B-82A3-72D0C9E64353}.Release|Any CPU.Build.0 = Release|Any CPU
		{7E525D7A-141F-473B-82A3-72D0C9E64353}.Release|x64.ActiveCfg = Release|Any CPU
		{7E525D7A-141F-473B-82A3-72D0C9E64353}.Release|x64.Build.0 = Release|Any CPU
		{7E525D7A-141F-473B-82A3-72D0C9E64353}.Release|x86.ActiveCfg = Release|Any CPU
		{7E525D7A-141F-473B-82A3-72D0C9E64353}.Release|x86.Build.0 = Release|Any CPU
		{AC64DE30-E8E5-4A16-9997-68DE0B05204D}.Debug|Any CPU.ActiveCfg = Debug|Any CPU
		{AC64DE30-E8E5-4A16-9997-68DE0B05204D}.Debug|Any CPU.Build.0 = Debug|Any CPU
		{AC64DE30-E8E5-4A16-9997-68DE0B05204D}.Debug|x64.ActiveCfg = Debug|Any CPU
		{AC64DE30-E8E5-4A16-9997-68DE0B05204D}.Debug|x64.Build.0 = Debug|Any CPU
		{AC64DE30-E8E5-4A16-9997-68DE0B05204D}.Debug|x86.ActiveCfg = Debug|Any CPU
		{AC64DE30-E8E5-4A16-9997-68DE0B05204D}.Debug|x86.Build.0 = Debug|Any CPU
		{AC64DE30-E8E5-4A16-9997-68DE0B05204D}.Release|Any CPU.ActiveCfg = Release|Any CPU
		{AC64DE30-E8E5-4A16-9997-68DE0B05204D}.Release|Any CPU.Build.0 = Release|Any CPU
		{AC64DE30-E8E5-4A16-9997-68DE0B05204D}.Release|x64.ActiveCfg = Release|Any CPU
		{AC64DE30-E8E5-4A16-9997-68DE0B05204D}.Release|x64.Build.0 = Release|Any CPU
		{AC64DE30-E8E5-4A16-9997-68DE0B05204D}.Release|x86.ActiveCfg = Release|Any CPU
		{AC64DE30-E8E5-4A16-9997-68DE0B05204D}.Release|x86.Build.0 = Release|Any CPU
		{3BBF86EF-988E-4A38-ABA8-A0CBE4175254}.Debug|Any CPU.ActiveCfg = Debug|Any CPU
		{3BBF86EF-988E-4A38-ABA8-A0CBE4175254}.Debug|Any CPU.Build.0 = Debug|Any CPU
		{3BBF86EF-988E-4A38-ABA8-A0CBE4175254}.Debug|x64.ActiveCfg = Debug|Any CPU
		{3BBF86EF-988E-4A38-ABA8-A0CBE4175254}.Debug|x64.Build.0 = Debug|Any CPU
		{3BBF86EF-988E-4A38-ABA8-A0CBE4175254}.Debug|x86.ActiveCfg = Debug|Any CPU
		{3BBF86EF-988E-4A38-ABA8-A0CBE4175254}.Debug|x86.Build.0 = Debug|Any CPU
		{3BBF86EF-988E-4A38-ABA8-A0CBE4175254}.Release|Any CPU.ActiveCfg = Release|Any CPU
		{3BBF86EF-988E-4A38-ABA8-A0CBE4175254}.Release|Any CPU.Build.0 = Release|Any CPU
		{3BBF86EF-988E-4A38-ABA8-A0CBE4175254}.Release|x64.ActiveCfg = Release|Any CPU
		{3BBF86EF-988E-4A38-ABA8-A0CBE4175254}.Release|x64.Build.0 = Release|Any CPU
		{3BBF86EF-988E-4A38-ABA8-A0CBE4175254}.Release|x86.ActiveCfg = Release|Any CPU
		{3BBF86EF-988E-4A38-ABA8-A0CBE4175254}.Release|x86.Build.0 = Release|Any CPU
	EndGlobalSection
	GlobalSection(SolutionProperties) = preSolution
		HideSolutionNode = FALSE
	EndGlobalSection
	GlobalSection(NestedProjects) = preSolution
		{93E5128E-F219-40D9-98AB-C62382F46902} = {FC2DF830-F2D5-4D3E-AFDD-C14567E4B504}
		{12960016-F484-417B-875B-B66F1CEA3C0B} = {FC2DF830-F2D5-4D3E-AFDD-C14567E4B504}
		{FB53EDF1-ACF3-46C6-85DD-5F344CBCE4D6} = {FC2DF830-F2D5-4D3E-AFDD-C14567E4B504}
		{CF52BB79-A7FD-4F99-99EB-0574D11B2FF5} = {FC2DF830-F2D5-4D3E-AFDD-C14567E4B504}
		{47D73A43-98AA-40E9-9048-0E399B6E68AF} = {FC2DF830-F2D5-4D3E-AFDD-C14567E4B504}
		{7E525D7A-141F-473B-82A3-72D0C9E64353} = {FC2DF830-F2D5-4D3E-AFDD-C14567E4B504}
		{AC64DE30-E8E5-4A16-9997-68DE0B05204D} = {FC2DF830-F2D5-4D3E-AFDD-C14567E4B504}
		{3BBF86EF-988E-4A38-ABA8-A0CBE4175254} = {FC2DF830-F2D5-4D3E-AFDD-C14567E4B504}
	EndGlobalSection
	GlobalSection(ExtensibilityGlobals) = postSolution
		SolutionGuid = {D488754B-DFD1-44D8-8616-DDECCD741A67}
	EndGlobalSection
EndGlobal
