
Microsoft Visual Studio Solution File, Format Version 12.00
# Visual Studio 15
VisualStudioVersion = 15.0.27004.2002
MinimumVisualStudioVersion = 10.0.40219.1
Project("{FAE04EC0-301F-11D3-BF4B-00C04F79EFBC}") = "JustOneProject", "JustOneProject.csproj", "{287E1DF8-CE39-40A6-89B7-4AA1B28CFEF9}"
EndProject
Project("{2150E333-8FDC-42A3-9474-1A3956D46DE8}") = "Solution Items", "Solution Items", "{EC8E8756-C78C-43BF-B6C1-B955869B98C5}"
	ProjectSection(SolutionItems) = preProject
		Performance1.psess = Performance1.psess
	EndProjectSection
EndProject
Project("{FAE04EC0-301F-11D3-BF4B-00C04F79EFBC}") = "JustOneProject.WindowsForms", "JustOneProject.WindowsForms\JustOneProject.WindowsForms.csproj", "{1C5EBE89-CDD9-44D3-9E5D-3FF2CD21116E}"
EndProject
Project("{FAE04EC0-301F-11D3-BF4B-00C04F79EFBC}") = "MasterCoder", "JustOneProject.MasterCoder\MasterCoder\MasterCoder.csproj", "{5F296271-EF25-4F59-96C7-B5DDA19A8421}"
EndProject
Project("{FAE04EC0-301F-11D3-BF4B-00C04F79EFBC}") = "SpecFlowExample", "SpecFlowExample\SpecFlowExample.csproj", "{1789A109-1FAB-4F9E-A47F-6F6C98204BF9}"
EndProject
Project("{9A19103F-16F7-4668-BE54-9A1E7A4F7556}") = "RoslynExample", "RoslynExample\RoslynExample.csproj", "{62618B48-1262-46DA-9DB7-D7E5F78904B2}"
EndProject
Global
	GlobalSection(SolutionConfigurationPlatforms) = preSolution
		Debug|Any CPU = Debug|Any CPU
		Debug|x64 = Debug|x64
		Debug|x86 = Debug|x86
		Release|Any CPU = Release|Any CPU
		Release|x64 = Release|x64
		Release|x86 = Release|x86
	EndGlobalSection
	GlobalSection(ProjectConfigurationPlatforms) = postSolution
		{287E1DF8-CE39-40A6-89B7-4AA1B28CFEF9}.Debug|Any CPU.ActiveCfg = Debug|Any CPU
		{287E1DF8-CE39-40A6-89B7-4AA1B28CFEF9}.Debug|Any CPU.Build.0 = Debug|Any CPU
		{287E1DF8-CE39-40A6-89B7-4AA1B28CFEF9}.Debug|x64.ActiveCfg = Debug|x64
		{287E1DF8-CE39-40A6-89B7-4AA1B28CFEF9}.Debug|x64.Build.0 = Debug|x64
		{287E1DF8-CE39-40A6-89B7-4AA1B28CFEF9}.Debug|x86.ActiveCfg = Debug|x86
		{287E1DF8-CE39-40A6-89B7-4AA1B28CFEF9}.Debug|x86.Build.0 = Debug|x86
		{287E1DF8-CE39-40A6-89B7-4AA1B28CFEF9}.Release|Any CPU.ActiveCfg = Release|Any CPU
		{287E1DF8-CE39-40A6-89B7-4AA1B28CFEF9}.Release|Any CPU.Build.0 = Release|Any CPU
		{287E1DF8-CE39-40A6-89B7-4AA1B28CFEF9}.Release|x64.ActiveCfg = Release|x64
		{287E1DF8-CE39-40A6-89B7-4AA1B28CFEF9}.Release|x64.Build.0 = Release|x64
		{287E1DF8-CE39-40A6-89B7-4AA1B28CFEF9}.Release|x86.ActiveCfg = Release|x86
		{287E1DF8-CE39-40A6-89B7-4AA1B28CFEF9}.Release|x86.Build.0 = Release|x86
		{1C5EBE89-CDD9-44D3-9E5D-3FF2CD21116E}.Debug|Any CPU.ActiveCfg = Debug|Any CPU
		{1C5EBE89-CDD9-44D3-9E5D-3FF2CD21116E}.Debug|Any CPU.Build.0 = Debug|Any CPU
		{1C5EBE89-CDD9-44D3-9E5D-3FF2CD21116E}.Debug|x64.ActiveCfg = Debug|Any CPU
		{1C5EBE89-CDD9-44D3-9E5D-3FF2CD21116E}.Debug|x64.Build.0 = Debug|Any CPU
		{1C5EBE89-CDD9-44D3-9E5D-3FF2CD21116E}.Debug|x86.ActiveCfg = Debug|Any CPU
		{1C5EBE89-CDD9-44D3-9E5D-3FF2CD21116E}.Debug|x86.Build.0 = Debug|Any CPU
		{1C5EBE89-CDD9-44D3-9E5D-3FF2CD21116E}.Release|Any CPU.ActiveCfg = Release|Any CPU
		{1C5EBE89-CDD9-44D3-9E5D-3FF2CD21116E}.Release|Any CPU.Build.0 = Release|Any CPU
		{1C5EBE89-CDD9-44D3-9E5D-3FF2CD21116E}.Release|x64.ActiveCfg = Release|Any CPU
		{1C5EBE89-CDD9-44D3-9E5D-3FF2CD21116E}.Release|x64.Build.0 = Release|Any CPU
		{1C5EBE89-CDD9-44D3-9E5D-3FF2CD21116E}.Release|x86.ActiveCfg = Release|Any CPU
		{1C5EBE89-CDD9-44D3-9E5D-3FF2CD21116E}.Release|x86.Build.0 = Release|Any CPU
		{5F296271-EF25-4F59-96C7-B5DDA19A8421}.Debug|Any CPU.ActiveCfg = Debug|Any CPU
		{5F296271-EF25-4F59-96C7-B5DDA19A8421}.Debug|Any CPU.Build.0 = Debug|Any CPU
		{5F296271-EF25-4F59-96C7-B5DDA19A8421}.Debug|x64.ActiveCfg = Debug|Any CPU
		{5F296271-EF25-4F59-96C7-B5DDA19A8421}.Debug|x64.Build.0 = Debug|Any CPU
		{5F296271-EF25-4F59-96C7-B5DDA19A8421}.Debug|x86.ActiveCfg = Debug|Any CPU
		{5F296271-EF25-4F59-96C7-B5DDA19A8421}.Debug|x86.Build.0 = Debug|Any CPU
		{5F296271-EF25-4F59-96C7-B5DDA19A8421}.Release|Any CPU.ActiveCfg = Release|Any CPU
		{5F296271-EF25-4F59-96C7-B5DDA19A8421}.Release|Any CPU.Build.0 = Release|Any CPU
		{5F296271-EF25-4F59-96C7-B5DDA19A8421}.Release|x64.ActiveCfg = Release|Any CPU
		{5F296271-EF25-4F59-96C7-B5DDA19A8421}.Release|x64.Build.0 = Release|Any CPU
		{5F296271-EF25-4F59-96C7-B5DDA19A8421}.Release|x86.ActiveCfg = Release|Any CPU
		{5F296271-EF25-4F59-96C7-B5DDA19A8421}.Release|x86.Build.0 = Release|Any CPU
		{1789A109-1FAB-4F9E-A47F-6F6C98204BF9}.Debug|Any CPU.ActiveCfg = Debug|Any CPU
		{1789A109-1FAB-4F9E-A47F-6F6C98204BF9}.Debug|Any CPU.Build.0 = Debug|Any CPU
		{1789A109-1FAB-4F9E-A47F-6F6C98204BF9}.Debug|x64.ActiveCfg = Debug|Any CPU
		{1789A109-1FAB-4F9E-A47F-6F6C98204BF9}.Debug|x64.Build.0 = Debug|Any CPU
		{1789A109-1FAB-4F9E-A47F-6F6C98204BF9}.Debug|x86.ActiveCfg = Debug|Any CPU
		{1789A109-1FAB-4F9E-A47F-6F6C98204BF9}.Debug|x86.Build.0 = Debug|Any CPU
		{1789A109-1FAB-4F9E-A47F-6F6C98204BF9}.Release|Any CPU.ActiveCfg = Release|Any CPU
		{1789A109-1FAB-4F9E-A47F-6F6C98204BF9}.Release|Any CPU.Build.0 = Release|Any CPU
		{1789A109-1FAB-4F9E-A47F-6F6C98204BF9}.Release|x64.ActiveCfg = Release|Any CPU
		{1789A109-1FAB-4F9E-A47F-6F6C98204BF9}.Release|x64.Build.0 = Release|Any CPU
		{1789A109-1FAB-4F9E-A47F-6F6C98204BF9}.Release|x86.ActiveCfg = Release|Any CPU
		{1789A109-1FAB-4F9E-A47F-6F6C98204BF9}.Release|x86.Build.0 = Release|Any CPU
		{62618B48-1262-46DA-9DB7-D7E5F78904B2}.Debug|Any CPU.ActiveCfg = Debug|Any CPU
		{62618B48-1262-46DA-9DB7-D7E5F78904B2}.Debug|Any CPU.Build.0 = Debug|Any CPU
		{62618B48-1262-46DA-9DB7-D7E5F78904B2}.Debug|x64.ActiveCfg = Debug|Any CPU
		{62618B48-1262-46DA-9DB7-D7E5F78904B2}.Debug|x64.Build.0 = Debug|Any CPU
		{62618B48-1262-46DA-9DB7-D7E5F78904B2}.Debug|x86.ActiveCfg = Debug|Any CPU
		{62618B48-1262-46DA-9DB7-D7E5F78904B2}.Debug|x86.Build.0 = Debug|Any CPU
		{62618B48-1262-46DA-9DB7-D7E5F78904B2}.Release|Any CPU.ActiveCfg = Release|Any CPU
		{62618B48-1262-46DA-9DB7-D7E5F78904B2}.Release|Any CPU.Build.0 = Release|Any CPU
		{62618B48-1262-46DA-9DB7-D7E5F78904B2}.Release|x64.ActiveCfg = Release|Any CPU
		{62618B48-1262-46DA-9DB7-D7E5F78904B2}.Release|x64.Build.0 = Release|Any CPU
		{62618B48-1262-46DA-9DB7-D7E5F78904B2}.Release|x86.ActiveCfg = Release|Any CPU
		{62618B48-1262-46DA-9DB7-D7E5F78904B2}.Release|x86.Build.0 = Release|Any CPU
	EndGlobalSection
	GlobalSection(SolutionProperties) = preSolution
		HideSolutionNode = FALSE
	EndGlobalSection
	GlobalSection(ExtensibilityGlobals) = postSolution
		SolutionGuid = {D488754B-DFD1-44D8-8616-DDECCD741A67}
	EndGlobalSection
EndGlobal
